
Microsoft Visual Studio Solution File, Format Version 12.00
# Visual Studio Version 17
VisualStudioVersion = 17.10.34804.81
MinimumVisualStudioVersion = 10.0.40219.1
Project("{FAE04EC0-301F-11D3-BF4B-00C04F79EFBC}") = "C#_windowsForm(New)", "C#_windowsForm(New).csproj", "{BA50E3BA-6332-42AD-8DBF-745580F7B4A9}"
EndProject
Global
	GlobalSection(SolutionConfigurationPlatforms) = preSolution
		Debug|Any CPU = Debug|Any CPU
		Release|Any CPU = Release|Any CPU
	EndGlobalSection
	GlobalSection(ProjectConfigurationPlatforms) = postSolution
		{BA50E3BA-6332-42AD-8DBF-745580F7B4A9}.Debug|Any CPU.ActiveCfg = Debug|Any CPU
		{BA50E3BA-6332-42AD-8DBF-745580F7B4A9}.Debug|Any CPU.Build.0 = Debug|Any CPU
		{BA50E3BA-6332-42AD-8DBF-745580F7B4A9}.Release|Any CPU.ActiveCfg = Release|Any CPU
		{BA50E3BA-6332-42AD-8DBF-745580F7B4A9}.Release|Any CPU.Build.0 = Release|Any CPU
	EndGlobalSection
	GlobalSection(SolutionProperties) = preSolution
		HideSolutionNode = FALSE
	EndGlobalSection
	GlobalSection(ExtensibilityGlobals) = postSolution
		SolutionGuid = {CCA9B495-F9D6-405E-A768-C3CA58E71CC7}
	EndGlobalSection
EndGlobal
